
Microsoft Visual Studio Solution File, Format Version 12.00
# Visual Studio Version 17
VisualStudioVersion = 17.4.33213.308
MinimumVisualStudioVersion = 10.0.40219.1
Project("{FAE04EC0-301F-11D3-BF4B-00C04F79EFBC}") = "stoppa.francesco.4I.stampante", "stoppa.francesco.4I.stampante.csproj", "{21D66B1B-2FFF-4D81-BF6E-4059E916B9AE}"
EndProject
Global
	GlobalSection(SolutionConfigurationPlatforms) = preSolution
		Debug|Any CPU = Debug|Any CPU
		Release|Any CPU = Release|Any CPU
	EndGlobalSection
	GlobalSection(ProjectConfigurationPlatforms) = postSolution
		{21D66B1B-2FFF-4D81-BF6E-4059E916B9AE}.Debug|Any CPU.ActiveCfg = Debug|Any CPU
		{21D66B1B-2FFF-4D81-BF6E-4059E916B9AE}.Debug|Any CPU.Build.0 = Debug|Any CPU
		{21D66B1B-2FFF-4D81-BF6E-4059E916B9AE}.Release|Any CPU.ActiveCfg = Release|Any CPU
		{21D66B1B-2FFF-4D81-BF6E-4059E916B9AE}.Release|Any CPU.Build.0 = Release|Any CPU
	EndGlobalSection
	GlobalSection(SolutionProperties) = preSolution
		HideSolutionNode = FALSE
	EndGlobalSection
	GlobalSection(ExtensibilityGlobals) = postSolution
		SolutionGuid = {604A8B84-CF9E-4015-BB52-D48767C449A5}
	EndGlobalSection
EndGlobal
